
Microsoft Visual Studio Solution File, Format Version 12.00
# Visual Studio Version 17
VisualStudioVersion = 17.0.31919.166
MinimumVisualStudioVersion = 10.0.40219.1
Project("{9A19103F-16F7-4668-BE54-9A1E7A4F7556}") = "PracticalOOP", "PracticalOOP\PracticalOOP.csproj", "{B67E120F-FD4D-49BE-A511-F5F5CB6C884A}"
EndProject
Project("{9A19103F-16F7-4668-BE54-9A1E7A4F7556}") = "SecureByDesign", "SecureByDesign\SecureByDesign.csproj", "{DDF5ED21-279B-4886-BA17-C883CF6A9EC8}"
EndProject
Project("{FAE04EC0-301F-11D3-BF4B-00C04F79EFBC}") = "LegacyCode", "LegacyCode\LegacyCode.csproj", "{12825473-F0EE-4D64-BC70-444E12A8ADC7}"
EndProject
Global
	GlobalSection(SolutionConfigurationPlatforms) = preSolution
		Debug|Any CPU = Debug|Any CPU
		Release|Any CPU = Release|Any CPU
	EndGlobalSection
	GlobalSection(ProjectConfigurationPlatforms) = postSolution
		{B67E120F-FD4D-49BE-A511-F5F5CB6C884A}.Debug|Any CPU.ActiveCfg = Debug|Any CPU
		{B67E120F-FD4D-49BE-A511-F5F5CB6C884A}.Debug|Any CPU.Build.0 = Debug|Any CPU
		{B67E120F-FD4D-49BE-A511-F5F5CB6C884A}.Release|Any CPU.ActiveCfg = Release|Any CPU
		{B67E120F-FD4D-49BE-A511-F5F5CB6C884A}.Release|Any CPU.Build.0 = Release|Any CPU
		{DDF5ED21-279B-4886-BA17-C883CF6A9EC8}.Debug|Any CPU.ActiveCfg = Debug|Any CPU
		{DDF5ED21-279B-4886-BA17-C883CF6A9EC8}.Debug|Any CPU.Build.0 = Debug|Any CPU
		{DDF5ED21-279B-4886-BA17-C883CF6A9EC8}.Release|Any CPU.ActiveCfg = Release|Any CPU
		{DDF5ED21-279B-4886-BA17-C883CF6A9EC8}.Release|Any CPU.Build.0 = Release|Any CPU
		{12825473-F0EE-4D64-BC70-444E12A8ADC7}.Debug|Any CPU.ActiveCfg = Debug|Any CPU
		{12825473-F0EE-4D64-BC70-444E12A8ADC7}.Debug|Any CPU.Build.0 = Debug|Any CPU
		{12825473-F0EE-4D64-BC70-444E12A8ADC7}.Release|Any CPU.ActiveCfg = Release|Any CPU
		{12825473-F0EE-4D64-BC70-444E12A8ADC7}.Release|Any CPU.Build.0 = Release|Any CPU
	EndGlobalSection
	GlobalSection(SolutionProperties) = preSolution
		HideSolutionNode = FALSE
	EndGlobalSection
	GlobalSection(ExtensibilityGlobals) = postSolution
		SolutionGuid = {1CABC70A-E9E7-4AB5-9561-2E01DA832CD3}
	EndGlobalSection
EndGlobal
